
Microsoft Visual Studio Solution File, Format Version 12.00
# Visual Studio Version 17
VisualStudioVersion = 17.14.36414.22 d17.14
MinimumVisualStudioVersion = 10.0.40219.1
Project("{FAE04EC0-301F-11D3-BF4B-00C04F79EFBC}") = "trabajo_camp7", "trabajo_camp7\trabajo_camp7.csproj", "{8E5F84AB-5A65-409E-96B7-B65176B39A8D}"
EndProject
Global
	GlobalSection(SolutionConfigurationPlatforms) = preSolution
		Debug|Any CPU = Debug|Any CPU
		Release|Any CPU = Release|Any CPU
	EndGlobalSection
	GlobalSection(ProjectConfigurationPlatforms) = postSolution
		{8E5F84AB-5A65-409E-96B7-B65176B39A8D}.Debug|Any CPU.ActiveCfg = Debug|Any CPU
		{8E5F84AB-5A65-409E-96B7-B65176B39A8D}.Debug|Any CPU.Build.0 = Debug|Any CPU
		{8E5F84AB-5A65-409E-96B7-B65176B39A8D}.Release|Any CPU.ActiveCfg = Release|Any CPU
		{8E5F84AB-5A65-409E-96B7-B65176B39A8D}.Release|Any CPU.Build.0 = Release|Any CPU
	EndGlobalSection
	GlobalSection(SolutionProperties) = preSolution
		HideSolutionNode = FALSE
	EndGlobalSection
	GlobalSection(ExtensibilityGlobals) = postSolution
		SolutionGuid = {762BB80C-B052-4D5A-9BA2-C7293FB3F4E8}
	EndGlobalSection
EndGlobal
